{
  "originHash" : "14ce100f17b996533d60c909c64463438bf632aecb8465694b718e51aa2aaba5",
  "pins" : [
    {
      "identity" : "codablecsv",
      "kind" : "remoteSourceControl",
      "location" : "https://github.com/dehesa/CodableCSV.git",
      "state" : {
        "revision" : "99ace2cfdfbc19108b529c021005fb57a460e715",
        "version" : "0.6.7"
      }
    },
    {
      "identity" : "icalendarkit",
      "kind" : "remoteSourceControl",
      "location" : "https://github.com/ondrejstasek/icalendarkit.git",
      "state" : {
        "revision" : "78da87673ff503e3708b30a29e83f30e83aca4c1",
        "version" : "1.1.0"
      }
    },
    {
      "identity" : "swift-argument-parser",
      "kind" : "remoteSourceControl",
      "location" : "https://github.com/apple/swift-argument-parser.git",
      "state" : {
        "revision" : "41982a3656a71c768319979febd796c6fd111d5c",
        "version" : "1.5.0"
      }
    },
    {
      "identity" : "vcomponentkit",
      "kind" : "remoteSourceControl",
      "location" : "https://github.com/swift-calendar/vcomponentkit.git",
      "state" : {
        "revision" : "65b7f5066fd62fb83811e66e26ee21a326a015ac",
        "version" : "1.0.5"
      }
    }
  ],
  "version" : 3
}
